// !$*UTF8*$!
{
	archiveVersion = 1;
	classes = {
	};
	objectVersion = 56;
	objects = {

/* Begin PBXBuildFile section */
		FB98C5D829529B170082E91E /* DariyQuestTVC.swift in Sources */ = {isa = PBXBuildFile; fileRef = FB98C5D729529B170082E91E /* DariyQuestTVC.swift */; };
		FB98C5DB2952A01B0082E91E /* RankViewController.swift in Sources */ = {isa = PBXBuildFile; fileRef = FB98C5DA2952A01B0082E91E /* RankViewController.swift */; };
		FB98C5DD2952A0560082E91E /* QuestionViewController.swift in Sources */ = {isa = PBXBuildFile; fileRef = FB98C5DC2952A0560082E91E /* QuestionViewController.swift */; };
		FBDCDF062952D74D00A65DDA /* FirebaseAnalytics in Frameworks */ = {isa = PBXBuildFile; productRef = FBDCDF052952D74D00A65DDA /* FirebaseAnalytics */; };
		FBDCDF082952D74D00A65DDA /* FirebaseAnalyticsOnDeviceConversion in Frameworks */ = {isa = PBXBuildFile; productRef = FBDCDF072952D74D00A65DDA /* FirebaseAnalyticsOnDeviceConversion */; };
		FBDCDF0A2952D74D00A65DDA /* FirebaseAnalyticsSwift in Frameworks */ = {isa = PBXBuildFile; productRef = FBDCDF092952D74D00A65DDA /* FirebaseAnalyticsSwift */; };
		FBDCDF0C2952D74D00A65DDA /* FirebaseAnalyticsWithoutAdIdSupport in Frameworks */ = {isa = PBXBuildFile; productRef = FBDCDF0B2952D74D00A65DDA /* FirebaseAnalyticsWithoutAdIdSupport */; };
		FBDCDF0E2952D74D00A65DDA /* FirebaseAppCheck in Frameworks */ = {isa = PBXBuildFile; productRef = FBDCDF0D2952D74D00A65DDA /* FirebaseAppCheck */; };
		FBDCDF102952D74D00A65DDA /* FirebaseAppDistribution-Beta in Frameworks */ = {isa = PBXBuildFile; productRef = FBDCDF0F2952D74D00A65DDA /* FirebaseAppDistribution-Beta */; };
		FBDCDF122952D74D00A65DDA /* FirebaseAuth in Frameworks */ = {isa = PBXBuildFile; productRef = FBDCDF112952D74D00A65DDA /* FirebaseAuth */; };
		FBDCDF142952D74D00A65DDA /* FirebaseAuthCombine-Community in Frameworks */ = {isa = PBXBuildFile; productRef = FBDCDF132952D74D00A65DDA /* FirebaseAuthCombine-Community */; };
		FBDCDF162952D74D00A65DDA /* FirebaseCrashlytics in Frameworks */ = {isa = PBXBuildFile; productRef = FBDCDF152952D74D00A65DDA /* FirebaseCrashlytics */; };
		FBDCDF182952D74D00A65DDA /* FirebaseDatabase in Frameworks */ = {isa = PBXBuildFile; productRef = FBDCDF172952D74D00A65DDA /* FirebaseDatabase */; };
		FBDCDF1A2952D74D00A65DDA /* FirebaseDatabaseSwift in Frameworks */ = {isa = PBXBuildFile; productRef = FBDCDF192952D74D00A65DDA /* FirebaseDatabaseSwift */; };
		FBDCDF1C2952D74D00A65DDA /* FirebaseDynamicLinks in Frameworks */ = {isa = PBXBuildFile; productRef = FBDCDF1B2952D74D00A65DDA /* FirebaseDynamicLinks */; };
		FBDCDF1E2952D74D00A65DDA /* FirebaseFirestore in Frameworks */ = {isa = PBXBuildFile; productRef = FBDCDF1D2952D74D00A65DDA /* FirebaseFirestore */; };
		FBDCDF202952D74D00A65DDA /* FirebaseFirestoreCombine-Community in Frameworks */ = {isa = PBXBuildFile; productRef = FBDCDF1F2952D74D00A65DDA /* FirebaseFirestoreCombine-Community */; };
		FBDCDF222952D74D00A65DDA /* FirebaseFirestoreSwift in Frameworks */ = {isa = PBXBuildFile; productRef = FBDCDF212952D74D00A65DDA /* FirebaseFirestoreSwift */; };
		FBDCDF242952D74D00A65DDA /* FirebaseFunctions in Frameworks */ = {isa = PBXBuildFile; productRef = FBDCDF232952D74D00A65DDA /* FirebaseFunctions */; };
		FBDCDF262952D74D00A65DDA /* FirebaseFunctionsCombine-Community in Frameworks */ = {isa = PBXBuildFile; productRef = FBDCDF252952D74D00A65DDA /* FirebaseFunctionsCombine-Community */; };
		FBDCDF282952D74D00A65DDA /* FirebaseInAppMessaging-Beta in Frameworks */ = {isa = PBXBuildFile; productRef = FBDCDF272952D74D00A65DDA /* FirebaseInAppMessaging-Beta */; };
		FBDCDF2A2952D74D00A65DDA /* FirebaseInAppMessagingSwift-Beta in Frameworks */ = {isa = PBXBuildFile; productRef = FBDCDF292952D74D00A65DDA /* FirebaseInAppMessagingSwift-Beta */; };
		FBDCDF2C2952D74D00A65DDA /* FirebaseInstallations in Frameworks */ = {isa = PBXBuildFile; productRef = FBDCDF2B2952D74D00A65DDA /* FirebaseInstallations */; };
		FBDCDF2E2952D74D00A65DDA /* FirebaseMLModelDownloader in Frameworks */ = {isa = PBXBuildFile; productRef = FBDCDF2D2952D74D00A65DDA /* FirebaseMLModelDownloader */; };
		FBDCDF302952D74D00A65DDA /* FirebaseMessaging in Frameworks */ = {isa = PBXBuildFile; productRef = FBDCDF2F2952D74D00A65DDA /* FirebaseMessaging */; };
		FBDCDF322952D74D00A65DDA /* FirebasePerformance in Frameworks */ = {isa = PBXBuildFile; productRef = FBDCDF312952D74D00A65DDA /* FirebasePerformance */; };
		FBDCDF342952D74D00A65DDA /* FirebaseRemoteConfig in Frameworks */ = {isa = PBXBuildFile; productRef = FBDCDF332952D74D00A65DDA /* FirebaseRemoteConfig */; };
		FBDCDF362952D74D00A65DDA /* FirebaseRemoteConfigSwift in Frameworks */ = {isa = PBXBuildFile; productRef = FBDCDF352952D74D00A65DDA /* FirebaseRemoteConfigSwift */; };
		FBDCDF382952D74D00A65DDA /* FirebaseStorage in Frameworks */ = {isa = PBXBuildFile; productRef = FBDCDF372952D74D00A65DDA /* FirebaseStorage */; };
		FBDCDF3A2952D74D00A65DDA /* FirebaseStorageCombine-Community in Frameworks */ = {isa = PBXBuildFile; productRef = FBDCDF392952D74D00A65DDA /* FirebaseStorageCombine-Community */; };
		FBDCDF3C2952E76000A65DDA /* GoogleService-Info.plist in Resources */ = {isa = PBXBuildFile; fileRef = FBDCDF3B2952E76000A65DDA /* GoogleService-Info.plist */; };
		FBDCDF3E2952F97400A65DDA /* LoginViewController.swift in Sources */ = {isa = PBXBuildFile; fileRef = FBDCDF3D2952F97400A65DDA /* LoginViewController.swift */; };
		FBDCDF402963E7F400A65DDA /* UserInfoViewController.swift in Sources */ = {isa = PBXBuildFile; fileRef = FBDCDF3F2963E7F400A65DDA /* UserInfoViewController.swift */; };
		FBFBB85329514059000A6C77 /* AppDelegate.swift in Sources */ = {isa = PBXBuildFile; fileRef = FBFBB85229514059000A6C77 /* AppDelegate.swift */; };
		FBFBB85529514059000A6C77 /* SceneDelegate.swift in Sources */ = {isa = PBXBuildFile; fileRef = FBFBB85429514059000A6C77 /* SceneDelegate.swift */; };
		FBFBB85729514059000A6C77 /* ViewController.swift in Sources */ = {isa = PBXBuildFile; fileRef = FBFBB85629514059000A6C77 /* ViewController.swift */; };
		FBFBB85A29514059000A6C77 /* Main.storyboard in Resources */ = {isa = PBXBuildFile; fileRef = FBFBB85829514059000A6C77 /* Main.storyboard */; };
		FBFBB85C2951405A000A6C77 /* Assets.xcassets in Resources */ = {isa = PBXBuildFile; fileRef = FBFBB85B2951405A000A6C77 /* Assets.xcassets */; };
		FBFBB85F2951405A000A6C77 /* LaunchScreen.storyboard in Resources */ = {isa = PBXBuildFile; fileRef = FBFBB85D2951405A000A6C77 /* LaunchScreen.storyboard */; };
/* End PBXBuildFile section */

/* Begin PBXFileReference section */
		FB98C5D729529B170082E91E /* DariyQuestTVC.swift */ = {isa = PBXFileReference; lastKnownFileType = sourcecode.swift; path = DariyQuestTVC.swift; sourceTree = "<group>"; };
		FB98C5DA2952A01B0082E91E /* RankViewController.swift */ = {isa = PBXFileReference; lastKnownFileType = sourcecode.swift; path = RankViewController.swift; sourceTree = "<group>"; };
		FB98C5DC2952A0560082E91E /* QuestionViewController.swift */ = {isa = PBXFileReference; lastKnownFileType = sourcecode.swift; path = QuestionViewController.swift; sourceTree = "<group>"; };
		FBDCDF3B2952E76000A65DDA /* GoogleService-Info.plist */ = {isa = PBXFileReference; fileEncoding = 4; lastKnownFileType = text.plist.xml; name = "GoogleService-Info.plist"; path = "../../../Downloads/GoogleService-Info.plist"; sourceTree = "<group>"; };
		FBDCDF3D2952F97400A65DDA /* LoginViewController.swift */ = {isa = PBXFileReference; lastKnownFileType = sourcecode.swift; path = LoginViewController.swift; sourceTree = "<group>"; };
		FBDCDF3F2963E7F400A65DDA /* UserInfoViewController.swift */ = {isa = PBXFileReference; lastKnownFileType = sourcecode.swift; path = UserInfoViewController.swift; sourceTree = "<group>"; };
		FBFBB84F29514059000A6C77 /* SnackWord.app */ = {isa = PBXFileReference; explicitFileType = wrapper.application; includeInIndex = 0; path = SnackWord.app; sourceTree = BUILT_PRODUCTS_DIR; };
		FBFBB85229514059000A6C77 /* AppDelegate.swift */ = {isa = PBXFileReference; lastKnownFileType = sourcecode.swift; path = AppDelegate.swift; sourceTree = "<group>"; };
		FBFBB85429514059000A6C77 /* SceneDelegate.swift */ = {isa = PBXFileReference; lastKnownFileType = sourcecode.swift; path = SceneDelegate.swift; sourceTree = "<group>"; };
		FBFBB85629514059000A6C77 /* ViewController.swift */ = {isa = PBXFileReference; lastKnownFileType = sourcecode.swift; path = ViewController.swift; sourceTree = "<group>"; };
		FBFBB85929514059000A6C77 /* Base */ = {isa = PBXFileReference; lastKnownFileType = file.storyboard; name = Base; path = Base.lproj/Main.storyboard; sourceTree = "<group>"; };
		FBFBB85B2951405A000A6C77 /* Assets.xcassets */ = {isa = PBXFileReference; lastKnownFileType = folder.assetcatalog; path = Assets.xcassets; sourceTree = "<group>"; };
		FBFBB85E2951405A000A6C77 /* Base */ = {isa = PBXFileReference; lastKnownFileType = file.storyboard; name = Base; path = Base.lproj/LaunchScreen.storyboard; sourceTree = "<group>"; };
		FBFBB8602951405A000A6C77 /* Info.plist */ = {isa = PBXFileReference; lastKnownFileType = text.plist.xml; path = Info.plist; sourceTree = "<group>"; };
/* End PBXFileReference section */

/* Begin PBXFrameworksBuildPhase section */
		FBFBB84C29514059000A6C77 /* Frameworks */ = {
			isa = PBXFrameworksBuildPhase;
			buildActionMask = 2147483647;
			files = (
				FBDCDF182952D74D00A65DDA /* FirebaseDatabase in Frameworks */,
				FBDCDF262952D74D00A65DDA /* FirebaseFunctionsCombine-Community in Frameworks */,
				FBDCDF1E2952D74D00A65DDA /* FirebaseFirestore in Frameworks */,
				FBDCDF0A2952D74D00A65DDA /* FirebaseAnalyticsSwift in Frameworks */,
				FBDCDF062952D74D00A65DDA /* FirebaseAnalytics in Frameworks */,
				FBDCDF082952D74D00A65DDA /* FirebaseAnalyticsOnDeviceConversion in Frameworks */,
				FBDCDF2E2952D74D00A65DDA /* FirebaseMLModelDownloader in Frameworks */,
				FBDCDF222952D74D00A65DDA /* FirebaseFirestoreSwift in Frameworks */,
				FBDCDF0E2952D74D00A65DDA /* FirebaseAppCheck in Frameworks */,
				FBDCDF0C2952D74D00A65DDA /* FirebaseAnalyticsWithoutAdIdSupport in Frameworks */,
				FBDCDF122952D74D00A65DDA /* FirebaseAuth in Frameworks */,
				FBDCDF162952D74D00A65DDA /* FirebaseCrashlytics in Frameworks */,
				FBDCDF362952D74D00A65DDA /* FirebaseRemoteConfigSwift in Frameworks */,
				FBDCDF282952D74D00A65DDA /* FirebaseInAppMessaging-Beta in Frameworks */,
				FBDCDF1A2952D74D00A65DDA /* FirebaseDatabaseSwift in Frameworks */,
				FBDCDF242952D74D00A65DDA /* FirebaseFunctions in Frameworks */,
				FBDCDF3A2952D74D00A65DDA /* FirebaseStorageCombine-Community in Frameworks */,
				FBDCDF342952D74D00A65DDA /* FirebaseRemoteConfig in Frameworks */,
				FBDCDF102952D74D00A65DDA /* FirebaseAppDistribution-Beta in Frameworks */,
				FBDCDF142952D74D00A65DDA /* FirebaseAuthCombine-Community in Frameworks */,
				FBDCDF322952D74D00A65DDA /* FirebasePerformance in Frameworks */,
				FBDCDF2A2952D74D00A65DDA /* FirebaseInAppMessagingSwift-Beta in Frameworks */,
				FBDCDF382952D74D00A65DDA /* FirebaseStorage in Frameworks */,
				FBDCDF1C2952D74D00A65DDA /* FirebaseDynamicLinks in Frameworks */,
				FBDCDF202952D74D00A65DDA /* FirebaseFirestoreCombine-Community in Frameworks */,
				FBDCDF302952D74D00A65DDA /* FirebaseMessaging in Frameworks */,
				FBDCDF2C2952D74D00A65DDA /* FirebaseInstallations in Frameworks */,
			);
			runOnlyForDeploymentPostprocessing = 0;
		};
/* End PBXFrameworksBuildPhase section */

/* Begin PBXGroup section */
		FB98C5D929529FDA0082E91E /* ViewController */ = {
			isa = PBXGroup;
			children = (
				FB98C5DC2952A0560082E91E /* QuestionViewController.swift */,
				FB98C5DA2952A01B0082E91E /* RankViewController.swift */,
				FBDCDF3D2952F97400A65DDA /* LoginViewController.swift */,
				FBDCDF3F2963E7F400A65DDA /* UserInfoViewController.swift */,
			);
			path = ViewController;
			sourceTree = "<group>";
		};
		FBFBB84629514059000A6C77 = {
			isa = PBXGroup;
			children = (
				FBFBB85129514059000A6C77 /* SnackWord */,
				FBFBB85029514059000A6C77 /* Products */,
			);
			sourceTree = "<group>";
		};
		FBFBB85029514059000A6C77 /* Products */ = {
			isa = PBXGroup;
			children = (
				FBFBB84F29514059000A6C77 /* SnackWord.app */,
			);
			name = Products;
			sourceTree = "<group>";
		};
		FBFBB85129514059000A6C77 /* SnackWord */ = {
			isa = PBXGroup;
			children = (
				FB98C5D929529FDA0082E91E /* ViewController */,
				FBFBB85229514059000A6C77 /* AppDelegate.swift */,
				FBFBB85429514059000A6C77 /* SceneDelegate.swift */,
				FBFBB85629514059000A6C77 /* ViewController.swift */,
				FBFBB85829514059000A6C77 /* Main.storyboard */,
				FBFBB85B2951405A000A6C77 /* Assets.xcassets */,
				FBFBB85D2951405A000A6C77 /* LaunchScreen.storyboard */,
				FBFBB8602951405A000A6C77 /* Info.plist */,
				FB98C5D729529B170082E91E /* DariyQuestTVC.swift */,
				FBDCDF3B2952E76000A65DDA /* GoogleService-Info.plist */,
			);
			path = SnackWord;
			sourceTree = "<group>";
		};
/* End PBXGroup section */

/* Begin PBXNativeTarget section */
		FBFBB84E29514059000A6C77 /* SnackWord */ = {
			isa = PBXNativeTarget;
			buildConfigurationList = FBFBB8632951405A000A6C77 /* Build configuration list for PBXNativeTarget "SnackWord" */;
			buildPhases = (
				FBFBB84B29514059000A6C77 /* Sources */,
				FBFBB84C29514059000A6C77 /* Frameworks */,
				FBFBB84D29514059000A6C77 /* Resources */,
			);
			buildRules = (
			);
			dependencies = (
			);
			name = SnackWord;
			packageProductDependencies = (
				FBDCDF052952D74D00A65DDA /* FirebaseAnalytics */,
				FBDCDF072952D74D00A65DDA /* FirebaseAnalyticsOnDeviceConversion */,
				FBDCDF092952D74D00A65DDA /* FirebaseAnalyticsSwift */,
				FBDCDF0B2952D74D00A65DDA /* FirebaseAnalyticsWithoutAdIdSupport */,
				FBDCDF0D2952D74D00A65DDA /* FirebaseAppCheck */,
				FBDCDF0F2952D74D00A65DDA /* FirebaseAppDistribution-Beta */,
				FBDCDF112952D74D00A65DDA /* FirebaseAuth */,
				FBDCDF132952D74D00A65DDA /* FirebaseAuthCombine-Community */,
				FBDCDF152952D74D00A65DDA /* FirebaseCrashlytics */,
				FBDCDF172952D74D00A65DDA /* FirebaseDatabase */,
				FBDCDF192952D74D00A65DDA /* FirebaseDatabaseSwift */,
				FBDCDF1B2952D74D00A65DDA /* FirebaseDynamicLinks */,
				FBDCDF1D2952D74D00A65DDA /* FirebaseFirestore */,
				FBDCDF1F2952D74D00A65DDA /* FirebaseFirestoreCombine-Community */,
				FBDCDF212952D74D00A65DDA /* FirebaseFirestoreSwift */,
				FBDCDF232952D74D00A65DDA /* FirebaseFunctions */,
				FBDCDF252952D74D00A65DDA /* FirebaseFunctionsCombine-Community */,
				FBDCDF272952D74D00A65DDA /* FirebaseInAppMessaging-Beta */,
				FBDCDF292952D74D00A65DDA /* FirebaseInAppMessagingSwift-Beta */,
				FBDCDF2B2952D74D00A65DDA /* FirebaseInstallations */,
				FBDCDF2D2952D74D00A65DDA /* FirebaseMLModelDownloader */,
				FBDCDF2F2952D74D00A65DDA /* FirebaseMessaging */,
				FBDCDF312952D74D00A65DDA /* FirebasePerformance */,
				FBDCDF332952D74D00A65DDA /* FirebaseRemoteConfig */,
				FBDCDF352952D74D00A65DDA /* FirebaseRemoteConfigSwift */,
				FBDCDF372952D74D00A65DDA /* FirebaseStorage */,
				FBDCDF392952D74D00A65DDA /* FirebaseStorageCombine-Community */,
			);
			productName = SnackWord;
			productReference = FBFBB84F29514059000A6C77 /* SnackWord.app */;
			productType = "com.apple.product-type.application";
		};
/* End PBXNativeTarget section */

/* Begin PBXProject section */
		FBFBB84729514059000A6C77 /* Project object */ = {
			isa = PBXProject;
			attributes = {
				BuildIndependentTargetsInParallel = 1;
				LastSwiftUpdateCheck = 1420;
				LastUpgradeCheck = 1420;
				TargetAttributes = {
					FBFBB84E29514059000A6C77 = {
						CreatedOnToolsVersion = 14.2;
					};
				};
			};
			buildConfigurationList = FBFBB84A29514059000A6C77 /* Build configuration list for PBXProject "SnackWord" */;
			compatibilityVersion = "Xcode 14.0";
			developmentRegion = en;
			hasScannedForEncodings = 0;
			knownRegions = (
				en,
				Base,
			);
			mainGroup = FBFBB84629514059000A6C77;
			packageReferences = (
				FBDCDF042952D74D00A65DDA /* XCRemoteSwiftPackageReference "firebase-ios-sdk" */,
			);
			productRefGroup = FBFBB85029514059000A6C77 /* Products */;
			projectDirPath = "";
			projectRoot = "";
			targets = (
				FBFBB84E29514059000A6C77 /* SnackWord */,
			);
		};
/* End PBXProject section */

/* Begin PBXResourcesBuildPhase section */
		FBFBB84D29514059000A6C77 /* Resources */ = {
			isa = PBXResourcesBuildPhase;
			buildActionMask = 2147483647;
			files = (
				FBFBB85F2951405A000A6C77 /* LaunchScreen.storyboard in Resources */,
				FBDCDF3C2952E76000A65DDA /* GoogleService-Info.plist in Resources */,
				FBFBB85C2951405A000A6C77 /* Assets.xcassets in Resources */,
				FBFBB85A29514059000A6C77 /* Main.storyboard in Resources */,
			);
			runOnlyForDeploymentPostprocessing = 0;
		};
/* End PBXResourcesBuildPhase section */

/* Begin PBXSourcesBuildPhase section */
		FBFBB84B29514059000A6C77 /* Sources */ = {
			isa = PBXSourcesBuildPhase;
			buildActionMask = 2147483647;
			files = (
				FBDCDF3E2952F97400A65DDA /* LoginViewController.swift in Sources */,
				FBDCDF402963E7F400A65DDA /* UserInfoViewController.swift in Sources */,
				FB98C5DB2952A01B0082E91E /* RankViewController.swift in Sources */,
				FBFBB85729514059000A6C77 /* ViewController.swift in Sources */,
				FB98C5DD2952A0560082E91E /* QuestionViewController.swift in Sources */,
				FBFBB85329514059000A6C77 /* AppDelegate.swift in Sources */,
				FB98C5D829529B170082E91E /* DariyQuestTVC.swift in Sources */,
				FBFBB85529514059000A6C77 /* SceneDelegate.swift in Sources */,
			);
			runOnlyForDeploymentPostprocessing = 0;
		};
/* End PBXSourcesBuildPhase section */

/* Begin PBXVariantGroup section */
		FBFBB85829514059000A6C77 /* Main.storyboard */ = {
			isa = PBXVariantGroup;
			children = (
				FBFBB85929514059000A6C77 /* Base */,
			);
			name = Main.storyboard;
			sourceTree = "<group>";
		};
		FBFBB85D2951405A000A6C77 /* LaunchScreen.storyboard */ = {
			isa = PBXVariantGroup;
			children = (
				FBFBB85E2951405A000A6C77 /* Base */,
			);
			name = LaunchScreen.storyboard;
			sourceTree = "<group>";
		};
/* End PBXVariantGroup section */

/* Begin XCBuildConfiguration section */
		FBFBB8612951405A000A6C77 /* Debug */ = {
			isa = XCBuildConfiguration;
			buildSettings = {
				ALWAYS_SEARCH_USER_PATHS = NO;
				CLANG_ANALYZER_NONNULL = YES;
				CLANG_ANALYZER_NUMBER_OBJECT_CONVERSION = YES_AGGRESSIVE;
				CLANG_CXX_LANGUAGE_STANDARD = "gnu++20";
				CLANG_ENABLE_MODULES = YES;
				CLANG_ENABLE_OBJC_ARC = YES;
				CLANG_ENABLE_OBJC_WEAK = YES;
				CLANG_WARN_BLOCK_CAPTURE_AUTORELEASING = YES;
				CLANG_WARN_BOOL_CONVERSION = YES;
				CLANG_WARN_COMMA = YES;
				CLANG_WARN_CONSTANT_CONVERSION = YES;
				CLANG_WARN_DEPRECATED_OBJC_IMPLEMENTATIONS = YES;
				CLANG_WARN_DIRECT_OBJC_ISA_USAGE = YES_ERROR;
				CLANG_WARN_DOCUMENTATION_COMMENTS = YES;
				CLANG_WARN_EMPTY_BODY = YES;
				CLANG_WARN_ENUM_CONVERSION = YES;
				CLANG_WARN_INFINITE_RECURSION = YES;
				CLANG_WARN_INT_CONVERSION = YES;
				CLANG_WARN_NON_LITERAL_NULL_CONVERSION = YES;
				CLANG_WARN_OBJC_IMPLICIT_RETAIN_SELF = YES;
				CLANG_WARN_OBJC_LITERAL_CONVERSION = YES;
				CLANG_WARN_OBJC_ROOT_CLASS = YES_ERROR;
				CLANG_WARN_QUOTED_INCLUDE_IN_FRAMEWORK_HEADER = YES;
				CLANG_WARN_RANGE_LOOP_ANALYSIS = YES;
				CLANG_WARN_STRICT_PROTOTYPES = YES;
				CLANG_WARN_SUSPICIOUS_MOVE = YES;
				CLANG_WARN_UNGUARDED_AVAILABILITY = YES_AGGRESSIVE;
				CLANG_WARN_UNREACHABLE_CODE = YES;
				CLANG_WARN__DUPLICATE_METHOD_MATCH = YES;
				COPY_PHASE_STRIP = NO;
				DEBUG_INFORMATION_FORMAT = dwarf;
				ENABLE_STRICT_OBJC_MSGSEND = YES;
				ENABLE_TESTABILITY = YES;
				GCC_C_LANGUAGE_STANDARD = gnu11;
				GCC_DYNAMIC_NO_PIC = NO;
				GCC_NO_COMMON_BLOCKS = YES;
				GCC_OPTIMIZATION_LEVEL = 0;
				GCC_PREPROCESSOR_DEFINITIONS = (
					"DEBUG=1",
					"$(inherited)",
				);
				GCC_WARN_64_TO_32_BIT_CONVERSION = YES;
				GCC_WARN_ABOUT_RETURN_TYPE = YES_ERROR;
				GCC_WARN_UNDECLARED_SELECTOR = YES;
				GCC_WARN_UNINITIALIZED_AUTOS = YES_AGGRESSIVE;
				GCC_WARN_UNUSED_FUNCTION = YES;
				GCC_WARN_UNUSED_VARIABLE = YES;
				IPHONEOS_DEPLOYMENT_TARGET = 16.2;
				MTL_ENABLE_DEBUG_INFO = INCLUDE_SOURCE;
				MTL_FAST_MATH = YES;
				ONLY_ACTIVE_ARCH = YES;
				SDKROOT = iphoneos;
				SWIFT_ACTIVE_COMPILATION_CONDITIONS = DEBUG;
				SWIFT_OPTIMIZATION_LEVEL = "-Onone";
			};
			name = Debug;
		};
		FBFBB8622951405A000A6C77 /* Release */ = {
			isa = XCBuildConfiguration;
			buildSettings = {
				ALWAYS_SEARCH_USER_PATHS = NO;
				CLANG_ANALYZER_NONNULL = YES;
				CLANG_ANALYZER_NUMBER_OBJECT_CONVERSION = YES_AGGRESSIVE;
				CLANG_CXX_LANGUAGE_STANDARD = "gnu++20";
				CLANG_ENABLE_MODULES = YES;
				CLANG_ENABLE_OBJC_ARC = YES;
				CLANG_ENABLE_OBJC_WEAK = YES;
				CLANG_WARN_BLOCK_CAPTURE_AUTORELEASING = YES;
				CLANG_WARN_BOOL_CONVERSION = YES;
				CLANG_WARN_COMMA = YES;
				CLANG_WARN_CONSTANT_CONVERSION = YES;
				CLANG_WARN_DEPRECATED_OBJC_IMPLEMENTATIONS = YES;
				CLANG_WARN_DIRECT_OBJC_ISA_USAGE = YES_ERROR;
				CLANG_WARN_DOCUMENTATION_COMMENTS = YES;
				CLANG_WARN_EMPTY_BODY = YES;
				CLANG_WARN_ENUM_CONVERSION = YES;
				CLANG_WARN_INFINITE_RECURSION = YES;
				CLANG_WARN_INT_CONVERSION = YES;
				CLANG_WARN_NON_LITERAL_NULL_CONVERSION = YES;
				CLANG_WARN_OBJC_IMPLICIT_RETAIN_SELF = YES;
				CLANG_WARN_OBJC_LITERAL_CONVERSION = YES;
				CLANG_WARN_OBJC_ROOT_CLASS = YES_ERROR;
				CLANG_WARN_QUOTED_INCLUDE_IN_FRAMEWORK_HEADER = YES;
				CLANG_WARN_RANGE_LOOP_ANALYSIS = YES;
				CLANG_WARN_STRICT_PROTOTYPES = YES;
				CLANG_WARN_SUSPICIOUS_MOVE = YES;
				CLANG_WARN_UNGUARDED_AVAILABILITY = YES_AGGRESSIVE;
				CLANG_WARN_UNREACHABLE_CODE = YES;
				CLANG_WARN__DUPLICATE_METHOD_MATCH = YES;
				COPY_PHASE_STRIP = NO;
				DEBUG_INFORMATION_FORMAT = "dwarf-with-dsym";
				ENABLE_NS_ASSERTIONS = NO;
				ENABLE_STRICT_OBJC_MSGSEND = YES;
				GCC_C_LANGUAGE_STANDARD = gnu11;
				GCC_NO_COMMON_BLOCKS = YES;
				GCC_WARN_64_TO_32_BIT_CONVERSION = YES;
				GCC_WARN_ABOUT_RETURN_TYPE = YES_ERROR;
				GCC_WARN_UNDECLARED_SELECTOR = YES;
				GCC_WARN_UNINITIALIZED_AUTOS = YES_AGGRESSIVE;
				GCC_WARN_UNUSED_FUNCTION = YES;
				GCC_WARN_UNUSED_VARIABLE = YES;
				IPHONEOS_DEPLOYMENT_TARGET = 16.2;
				MTL_ENABLE_DEBUG_INFO = NO;
				MTL_FAST_MATH = YES;
				SDKROOT = iphoneos;
				SWIFT_COMPILATION_MODE = wholemodule;
				SWIFT_OPTIMIZATION_LEVEL = "-O";
				VALIDATE_PRODUCT = YES;
			};
			name = Release;
		};
		FBFBB8642951405A000A6C77 /* Debug */ = {
			isa = XCBuildConfiguration;
			buildSettings = {
				ASSETCATALOG_COMPILER_APPICON_NAME = AppIcon;
				ASSETCATALOG_COMPILER_GLOBAL_ACCENT_COLOR_NAME = AccentColor;
				CODE_SIGN_STYLE = Automatic;
				CURRENT_PROJECT_VERSION = 1;
				DEVELOPMENT_TEAM = AD65V3RAF6;
				GENERATE_INFOPLIST_FILE = YES;
				INFOPLIST_FILE = SnackWord/Info.plist;
				INFOPLIST_KEY_UIApplicationSupportsIndirectInputEvents = YES;
				INFOPLIST_KEY_UILaunchStoryboardName = Main.storyboard;
				INFOPLIST_KEY_UIMainStoryboardFile = Main;
				INFOPLIST_KEY_UISupportedInterfaceOrientations_iPad = "UIInterfaceOrientationPortrait UIInterfaceOrientationPortraitUpsideDown UIInterfaceOrientationLandscapeLeft UIInterfaceOrientationLandscapeRight";
				INFOPLIST_KEY_UISupportedInterfaceOrientations_iPhone = "UIInterfaceOrientationPortrait UIInterfaceOrientationLandscapeLeft UIInterfaceOrientationLandscapeRight";
				LD_RUNPATH_SEARCH_PATHS = (
					"$(inherited)",
					"@executable_path/Frameworks",
				);
				MARKETING_VERSION = 1.0;
				PRODUCT_BUNDLE_IDENTIFIER = com.SnackWord;
				PRODUCT_NAME = "$(TARGET_NAME)";
				SWIFT_EMIT_LOC_STRINGS = YES;
				SWIFT_VERSION = 5.0;
				TARGETED_DEVICE_FAMILY = "1,2";
			};
			name = Debug;
		};
		FBFBB8652951405A000A6C77 /* Release */ = {
			isa = XCBuildConfiguration;
			buildSettings = {
				ASSETCATALOG_COMPILER_APPICON_NAME = AppIcon;
				ASSETCATALOG_COMPILER_GLOBAL_ACCENT_COLOR_NAME = AccentColor;
				CODE_SIGN_STYLE = Automatic;
				CURRENT_PROJECT_VERSION = 1;
				DEVELOPMENT_TEAM = AD65V3RAF6;
				GENERATE_INFOPLIST_FILE = YES;
				INFOPLIST_FILE = SnackWord/Info.plist;
				INFOPLIST_KEY_UIApplicationSupportsIndirectInputEvents = YES;
				INFOPLIST_KEY_UILaunchStoryboardName = Main.storyboard;
				INFOPLIST_KEY_UIMainStoryboardFile = Main;
				INFOPLIST_KEY_UISupportedInterfaceOrientations_iPad = "UIInterfaceOrientationPortrait UIInterfaceOrientationPortraitUpsideDown UIInterfaceOrientationLandscapeLeft UIInterfaceOrientationLandscapeRight";
				INFOPLIST_KEY_UISupportedInterfaceOrientations_iPhone = "UIInterfaceOrientationPortrait UIInterfaceOrientationLandscapeLeft UIInterfaceOrientationLandscapeRight";
				LD_RUNPATH_SEARCH_PATHS = (
					"$(inherited)",
					"@executable_path/Frameworks",
				);
				MARKETING_VERSION = 1.0;
				PRODUCT_BUNDLE_IDENTIFIER = com.SnackWord;
				PRODUCT_NAME = "$(TARGET_NAME)";
				SWIFT_EMIT_LOC_STRINGS = YES;
				SWIFT_VERSION = 5.0;
				TARGETED_DEVICE_FAMILY = "1,2";
			};
			name = Release;
		};
/* End XCBuildConfiguration section */

/* Begin XCConfigurationList section */
		FBFBB84A29514059000A6C77 /* Build configuration list for PBXProject "SnackWord" */ = {
			isa = XCConfigurationList;
			buildConfigurations = (
				FBFBB8612951405A000A6C77 /* Debug */,
				FBFBB8622951405A000A6C77 /* Release */,
			);
			defaultConfigurationIsVisible = 0;
			defaultConfigurationName = Release;
		};
		FBFBB8632951405A000A6C77 /* Build configuration list for PBXNativeTarget "SnackWord" */ = {
			isa = XCConfigurationList;
			buildConfigurations = (
				FBFBB8642951405A000A6C77 /* Debug */,
				FBFBB8652951405A000A6C77 /* Release */,
			);
			defaultConfigurationIsVisible = 0;
			defaultConfigurationName = Release;
		};
/* End XCConfigurationList section */

/* Begin XCRemoteSwiftPackageReference section */
		FBDCDF042952D74D00A65DDA /* XCRemoteSwiftPackageReference "firebase-ios-sdk" */ = {
			isa = XCRemoteSwiftPackageReference;
			repositoryURL = "https://github.com/firebase/firebase-ios-sdk.git";
			requirement = {
				kind = upToNextMajorVersion;
				minimumVersion = 9.0.0;
			};
		};
/* End XCRemoteSwiftPackageReference section */

/* Begin XCSwiftPackageProductDependency section */
		FBDCDF052952D74D00A65DDA /* FirebaseAnalytics */ = {
			isa = XCSwiftPackageProductDependency;
			package = FBDCDF042952D74D00A65DDA /* XCRemoteSwiftPackageReference "firebase-ios-sdk" */;
			productName = FirebaseAnalytics;
		};
		FBDCDF072952D74D00A65DDA /* FirebaseAnalyticsOnDeviceConversion */ = {
			isa = XCSwiftPackageProductDependency;
			package = FBDCDF042952D74D00A65DDA /* XCRemoteSwiftPackageReference "firebase-ios-sdk" */;
			productName = FirebaseAnalyticsOnDeviceConversion;
		};
		FBDCDF092952D74D00A65DDA /* FirebaseAnalyticsSwift */ = {
			isa = XCSwiftPackageProductDependency;
			package = FBDCDF042952D74D00A65DDA /* XCRemoteSwiftPackageReference "firebase-ios-sdk" */;
			productName = FirebaseAnalyticsSwift;
		};
		FBDCDF0B2952D74D00A65DDA /* FirebaseAnalyticsWithoutAdIdSupport */ = {
			isa = XCSwiftPackageProductDependency;
			package = FBDCDF042952D74D00A65DDA /* XCRemoteSwiftPackageReference "firebase-ios-sdk" */;
			productName = FirebaseAnalyticsWithoutAdIdSupport;
		};
		FBDCDF0D2952D74D00A65DDA /* FirebaseAppCheck */ = {
			isa = XCSwiftPackageProductDependency;
			package = FBDCDF042952D74D00A65DDA /* XCRemoteSwiftPackageReference "firebase-ios-sdk" */;
			productName = FirebaseAppCheck;
		};
		FBDCDF0F2952D74D00A65DDA /* FirebaseAppDistribution-Beta */ = {
			isa = XCSwiftPackageProductDependency;
			package = FBDCDF042952D74D00A65DDA /* XCRemoteSwiftPackageReference "firebase-ios-sdk" */;
			productName = "FirebaseAppDistribution-Beta";
		};
		FBDCDF112952D74D00A65DDA /* FirebaseAuth */ = {
			isa = XCSwiftPackageProductDependency;
			package = FBDCDF042952D74D00A65DDA /* XCRemoteSwiftPackageReference "firebase-ios-sdk" */;
			productName = FirebaseAuth;
		};
		FBDCDF132952D74D00A65DDA /* FirebaseAuthCombine-Community */ = {
			isa = XCSwiftPackageProductDependency;
			package = FBDCDF042952D74D00A65DDA /* XCRemoteSwiftPackageReference "firebase-ios-sdk" */;
			productName = "FirebaseAuthCombine-Community";
		};
		FBDCDF152952D74D00A65DDA /* FirebaseCrashlytics */ = {
			isa = XCSwiftPackageProductDependency;
			package = FBDCDF042952D74D00A65DDA /* XCRemoteSwiftPackageReference "firebase-ios-sdk" */;
			productName = FirebaseCrashlytics;
		};
		FBDCDF172952D74D00A65DDA /* FirebaseDatabase */ = {
			isa = XCSwiftPackageProductDependency;
			package = FBDCDF042952D74D00A65DDA /* XCRemoteSwiftPackageReference "firebase-ios-sdk" */;
			productName = FirebaseDatabase;
		};
		FBDCDF192952D74D00A65DDA /* FirebaseDatabaseSwift */ = {
			isa = XCSwiftPackageProductDependency;
			package = FBDCDF042952D74D00A65DDA /* XCRemoteSwiftPackageReference "firebase-ios-sdk" */;
			productName = FirebaseDatabaseSwift;
		};
		FBDCDF1B2952D74D00A65DDA /* FirebaseDynamicLinks */ = {
			isa = XCSwiftPackageProductDependency;
			package = FBDCDF042952D74D00A65DDA /* XCRemoteSwiftPackageReference "firebase-ios-sdk" */;
			productName = FirebaseDynamicLinks;
		};
		FBDCDF1D2952D74D00A65DDA /* FirebaseFirestore */ = {
			isa = XCSwiftPackageProductDependency;
			package = FBDCDF042952D74D00A65DDA /* XCRemoteSwiftPackageReference "firebase-ios-sdk" */;
			productName = FirebaseFirestore;
		};
		FBDCDF1F2952D74D00A65DDA /* FirebaseFirestoreCombine-Community */ = {
			isa = XCSwiftPackageProductDependency;
			package = FBDCDF042952D74D00A65DDA /* XCRemoteSwiftPackageReference "firebase-ios-sdk" */;
			productName = "FirebaseFirestoreCombine-Community";
		};
		FBDCDF212952D74D00A65DDA /* FirebaseFirestoreSwift */ = {
			isa = XCSwiftPackageProductDependency;
			package = FBDCDF042952D74D00A65DDA /* XCRemoteSwiftPackageReference "firebase-ios-sdk" */;
			productName = FirebaseFirestoreSwift;
		};
		FBDCDF232952D74D00A65DDA /* FirebaseFunctions */ = {
			isa = XCSwiftPackageProductDependency;
			package = FBDCDF042952D74D00A65DDA /* XCRemoteSwiftPackageReference "firebase-ios-sdk" */;
			productName = FirebaseFunctions;
		};
		FBDCDF252952D74D00A65DDA /* FirebaseFunctionsCombine-Community */ = {
			isa = XCSwiftPackageProductDependency;
			package = FBDCDF042952D74D00A65DDA /* XCRemoteSwiftPackageReference "firebase-ios-sdk" */;
			productName = "FirebaseFunctionsCombine-Community";
		};
		FBDCDF272952D74D00A65DDA /* FirebaseInAppMessaging-Beta */ = {
			isa = XCSwiftPackageProductDependency;
			package = FBDCDF042952D74D00A65DDA /* XCRemoteSwiftPackageReference "firebase-ios-sdk" */;
			productName = "FirebaseInAppMessaging-Beta";
		};
		FBDCDF292952D74D00A65DDA /* FirebaseInAppMessagingSwift-Beta */ = {
			isa = XCSwiftPackageProductDependency;
			package = FBDCDF042952D74D00A65DDA /* XCRemoteSwiftPackageReference "firebase-ios-sdk" */;
			productName = "FirebaseInAppMessagingSwift-Beta";
		};
		FBDCDF2B2952D74D00A65DDA /* FirebaseInstallations */ = {
			isa = XCSwiftPackageProductDependency;
			package = FBDCDF042952D74D00A65DDA /* XCRemoteSwiftPackageReference "firebase-ios-sdk" */;
			productName = FirebaseInstallations;
		};
		FBDCDF2D2952D74D00A65DDA /* FirebaseMLModelDownloader */ = {
			isa = XCSwiftPackageProductDependency;
			package = FBDCDF042952D74D00A65DDA /* XCRemoteSwiftPackageReference "firebase-ios-sdk" */;
			productName = FirebaseMLModelDownloader;
		};
		FBDCDF2F2952D74D00A65DDA /* FirebaseMessaging */ = {
			isa = XCSwiftPackageProductDependency;
			package = FBDCDF042952D74D00A65DDA /* XCRemoteSwiftPackageReference "firebase-ios-sdk" */;
			productName = FirebaseMessaging;
		};
		FBDCDF312952D74D00A65DDA /* FirebasePerformance */ = {
			isa = XCSwiftPackageProductDependency;
			package = FBDCDF042952D74D00A65DDA /* XCRemoteSwiftPackageReference "firebase-ios-sdk" */;
			productName = FirebasePerformance;
		};
		FBDCDF332952D74D00A65DDA /* FirebaseRemoteConfig */ = {
			isa = XCSwiftPackageProductDependency;
			package = FBDCDF042952D74D00A65DDA /* XCRemoteSwiftPackageReference "firebase-ios-sdk" */;
			productName = FirebaseRemoteConfig;
		};
		FBDCDF352952D74D00A65DDA /* FirebaseRemoteConfigSwift */ = {
			isa = XCSwiftPackageProductDependency;
			package = FBDCDF042952D74D00A65DDA /* XCRemoteSwiftPackageReference "firebase-ios-sdk" */;
			productName = FirebaseRemoteConfigSwift;
		};
		FBDCDF372952D74D00A65DDA /* FirebaseStorage */ = {
			isa = XCSwiftPackageProductDependency;
			package = FBDCDF042952D74D00A65DDA /* XCRemoteSwiftPackageReference "firebase-ios-sdk" */;
			productName = FirebaseStorage;
		};
		FBDCDF392952D74D00A65DDA /* FirebaseStorageCombine-Community */ = {
			isa = XCSwiftPackageProductDependency;
			package = FBDCDF042952D74D00A65DDA /* XCRemoteSwiftPackageReference "firebase-ios-sdk" */;
			productName = "FirebaseStorageCombine-Community";
		};
/* End XCSwiftPackageProductDependency section */
	};
	rootObject = FBFBB84729514059000A6C77 /* Project object */;
}
